
Microsoft Visual Studio Solution File, Format Version 12.00
# Visual Studio 15
VisualStudioVersion = 15.0.26124.0
MinimumVisualStudioVersion = 15.0.26124.0
Project("{2150E333-8FDC-42A3-9474-1A3956D46DE8}") = "src", "src", "{CCE2FE21-146C-4211-A6C7-9E022C413D3B}"
EndProject
Project("{FAE04EC0-301F-11D3-BF4B-00C04F79EFBC}") = "IdentityServer", "src\IdentityServer\IdentityServer.csproj", "{4C6A9488-B494-4056-BE45-AD9120B95F91}"
EndProject
Project("{FAE04EC0-301F-11D3-BF4B-00C04F79EFBC}") = "RoomDataBFF", "src\RoomDataBFF\RoomDataBFF.csproj", "{39EEF1F6-4B9D-432E-B500-1FD6EDB73337}"
EndProject
Global
	GlobalSection(SolutionConfigurationPlatforms) = preSolution
		Debug|Any CPU = Debug|Any CPU
		Debug|x64 = Debug|x64
		Debug|x86 = Debug|x86
		Release|Any CPU = Release|Any CPU
		Release|x64 = Release|x64
		Release|x86 = Release|x86
	EndGlobalSection
	GlobalSection(SolutionProperties) = preSolution
		HideSolutionNode = FALSE
	EndGlobalSection
	GlobalSection(ProjectConfigurationPlatforms) = postSolution
		{4C6A9488-B494-4056-BE45-AD9120B95F91}.Debug|Any CPU.ActiveCfg = Debug|Any CPU
		{4C6A9488-B494-4056-BE45-AD9120B95F91}.Debug|Any CPU.Build.0 = Debug|Any CPU
		{4C6A9488-B494-4056-BE45-AD9120B95F91}.Debug|x64.ActiveCfg = Debug|Any CPU
		{4C6A9488-B494-4056-BE45-AD9120B95F91}.Debug|x64.Build.0 = Debug|Any CPU
		{4C6A9488-B494-4056-BE45-AD9120B95F91}.Debug|x86.ActiveCfg = Debug|Any CPU
		{4C6A9488-B494-4056-BE45-AD9120B95F91}.Debug|x86.Build.0 = Debug|Any CPU
		{4C6A9488-B494-4056-BE45-AD9120B95F91}.Release|Any CPU.ActiveCfg = Release|Any CPU
		{4C6A9488-B494-4056-BE45-AD9120B95F91}.Release|Any CPU.Build.0 = Release|Any CPU
		{4C6A9488-B494-4056-BE45-AD9120B95F91}.Release|x64.ActiveCfg = Release|Any CPU
		{4C6A9488-B494-4056-BE45-AD9120B95F91}.Release|x64.Build.0 = Release|Any CPU
		{4C6A9488-B494-4056-BE45-AD9120B95F91}.Release|x86.ActiveCfg = Release|Any CPU
		{4C6A9488-B494-4056-BE45-AD9120B95F91}.Release|x86.Build.0 = Release|Any CPU
		{39EEF1F6-4B9D-432E-B500-1FD6EDB73337}.Debug|Any CPU.ActiveCfg = Debug|Any CPU
		{39EEF1F6-4B9D-432E-B500-1FD6EDB73337}.Debug|Any CPU.Build.0 = Debug|Any CPU
		{39EEF1F6-4B9D-432E-B500-1FD6EDB73337}.Debug|x64.ActiveCfg = Debug|Any CPU
		{39EEF1F6-4B9D-432E-B500-1FD6EDB73337}.Debug|x64.Build.0 = Debug|Any CPU
		{39EEF1F6-4B9D-432E-B500-1FD6EDB73337}.Debug|x86.ActiveCfg = Debug|Any CPU
		{39EEF1F6-4B9D-432E-B500-1FD6EDB73337}.Debug|x86.Build.0 = Debug|Any CPU
		{39EEF1F6-4B9D-432E-B500-1FD6EDB73337}.Release|Any CPU.ActiveCfg = Release|Any CPU
		{39EEF1F6-4B9D-432E-B500-1FD6EDB73337}.Release|Any CPU.Build.0 = Release|Any CPU
		{39EEF1F6-4B9D-432E-B500-1FD6EDB73337}.Release|x64.ActiveCfg = Release|Any CPU
		{39EEF1F6-4B9D-432E-B500-1FD6EDB73337}.Release|x64.Build.0 = Release|Any CPU
		{39EEF1F6-4B9D-432E-B500-1FD6EDB73337}.Release|x86.ActiveCfg = Release|Any CPU
		{39EEF1F6-4B9D-432E-B500-1FD6EDB73337}.Release|x86.Build.0 = Release|Any CPU
	EndGlobalSection
	GlobalSection(NestedProjects) = preSolution
		{4C6A9488-B494-4056-BE45-AD9120B95F91} = {CCE2FE21-146C-4211-A6C7-9E022C413D3B}
		{39EEF1F6-4B9D-432E-B500-1FD6EDB73337} = {CCE2FE21-146C-4211-A6C7-9E022C413D3B}
	EndGlobalSection
EndGlobal
